
Microsoft Visual Studio Solution File, Format Version 12.00
# Visual Studio 2013
VisualStudioVersion = 12.0.30723.0
MinimumVisualStudioVersion = 10.0.40219.1
Project("{FAE04EC0-301F-11D3-BF4B-00C04F79EFBC}") = "DojoOLG", "DojoOLG\DojoOLG.csproj", "{8763C5DD-DB4D-49CA-B8DB-75AE89304D32}"
EndProject
Project("{FAE04EC0-301F-11D3-BF4B-00C04F79EFBC}") = "DojoOLGTests", "DojoOLGTests\DojoOLGTests.csproj", "{6A9DB251-D816-4354-B462-B71E87E8E128}"
EndProject
Project("{F2A71F9B-5D33-465A-A702-920D77279786}") = "DojoOLGFsharp", "DojoOLGFsharp\DojoOLGFsharp.fsproj", "{B0AC052F-3114-4BFE-B144-50692B77E1DB}"
EndProject
Global
	GlobalSection(SolutionConfigurationPlatforms) = preSolution
		Debug|Any CPU = Debug|Any CPU
		Release|Any CPU = Release|Any CPU
	EndGlobalSection
	GlobalSection(ProjectConfigurationPlatforms) = postSolution
		{8763C5DD-DB4D-49CA-B8DB-75AE89304D32}.Debug|Any CPU.ActiveCfg = Debug|Any CPU
		{8763C5DD-DB4D-49CA-B8DB-75AE89304D32}.Debug|Any CPU.Build.0 = Debug|Any CPU
		{8763C5DD-DB4D-49CA-B8DB-75AE89304D32}.Release|Any CPU.ActiveCfg = Release|Any CPU
		{8763C5DD-DB4D-49CA-B8DB-75AE89304D32}.Release|Any CPU.Build.0 = Release|Any CPU
		{6A9DB251-D816-4354-B462-B71E87E8E128}.Debug|Any CPU.ActiveCfg = Debug|Any CPU
		{6A9DB251-D816-4354-B462-B71E87E8E128}.Debug|Any CPU.Build.0 = Debug|Any CPU
		{6A9DB251-D816-4354-B462-B71E87E8E128}.Release|Any CPU.ActiveCfg = Release|Any CPU
		{6A9DB251-D816-4354-B462-B71E87E8E128}.Release|Any CPU.Build.0 = Release|Any CPU
		{B0AC052F-3114-4BFE-B144-50692B77E1DB}.Debug|Any CPU.ActiveCfg = Debug|Any CPU
		{B0AC052F-3114-4BFE-B144-50692B77E1DB}.Debug|Any CPU.Build.0 = Debug|Any CPU
		{B0AC052F-3114-4BFE-B144-50692B77E1DB}.Release|Any CPU.ActiveCfg = Release|Any CPU
		{B0AC052F-3114-4BFE-B144-50692B77E1DB}.Release|Any CPU.Build.0 = Release|Any CPU
	EndGlobalSection
	GlobalSection(SolutionProperties) = preSolution
		HideSolutionNode = FALSE
	EndGlobalSection
EndGlobal
