
Microsoft Visual Studio Solution File, Format Version 12.00
# Visual Studio 2013
VisualStudioVersion = 12.0.30723.0
MinimumVisualStudioVersion = 10.0.40219.1
Project("{FAE04EC0-301F-11D3-BF4B-00C04F79EFBC}") = "GameOfLifeTests", "GameOfLife\GameOfLifeTests.csproj", "{C588C0AD-87A8-40C5-95C8-DFA6F85DADF3}"
EndProject
Project("{FAE04EC0-301F-11D3-BF4B-00C04F79EFBC}") = "GameOfLifeImpl", "GameOfLifeImpl\GameOfLifeImpl.csproj", "{740420A5-6A3E-4A8E-A9C2-0C34B873ECFF}"
EndProject
Global
	GlobalSection(SolutionConfigurationPlatforms) = preSolution
		Debug|Any CPU = Debug|Any CPU
		Release|Any CPU = Release|Any CPU
	EndGlobalSection
	GlobalSection(ProjectConfigurationPlatforms) = postSolution
		{C588C0AD-87A8-40C5-95C8-DFA6F85DADF3}.Debug|Any CPU.ActiveCfg = Debug|Any CPU
		{C588C0AD-87A8-40C5-95C8-DFA6F85DADF3}.Debug|Any CPU.Build.0 = Debug|Any CPU
		{C588C0AD-87A8-40C5-95C8-DFA6F85DADF3}.Release|Any CPU.ActiveCfg = Release|Any CPU
		{C588C0AD-87A8-40C5-95C8-DFA6F85DADF3}.Release|Any CPU.Build.0 = Release|Any CPU
		{740420A5-6A3E-4A8E-A9C2-0C34B873ECFF}.Debug|Any CPU.ActiveCfg = Debug|Any CPU
		{740420A5-6A3E-4A8E-A9C2-0C34B873ECFF}.Debug|Any CPU.Build.0 = Debug|Any CPU
		{740420A5-6A3E-4A8E-A9C2-0C34B873ECFF}.Release|Any CPU.ActiveCfg = Release|Any CPU
		{740420A5-6A3E-4A8E-A9C2-0C34B873ECFF}.Release|Any CPU.Build.0 = Release|Any CPU
	EndGlobalSection
	GlobalSection(SolutionProperties) = preSolution
		HideSolutionNode = FALSE
	EndGlobalSection
EndGlobal
