
Microsoft Visual Studio Solution File, Format Version 12.00
# Visual Studio 2013
VisualStudioVersion = 12.0.30110.0
MinimumVisualStudioVersion = 10.0.40219.1
Project("{FAE04EC0-301F-11D3-BF4B-00C04F79EFBC}") = "Dojo", "Dojo\Dojo.csproj", "{8706E15E-EC0B-46EB-B5BC-9AED7C4285E1}"
EndProject
Project("{FAE04EC0-301F-11D3-BF4B-00C04F79EFBC}") = "Dojo.Tests", "Dojo.Tests\Dojo.Tests.csproj", "{C8161785-2DF2-4922-A921-82B7A888B8BC}"
EndProject
Global
	GlobalSection(SolutionConfigurationPlatforms) = preSolution
		Debug|Any CPU = Debug|Any CPU
		Release|Any CPU = Release|Any CPU
	EndGlobalSection
	GlobalSection(ProjectConfigurationPlatforms) = postSolution
		{8706E15E-EC0B-46EB-B5BC-9AED7C4285E1}.Debug|Any CPU.ActiveCfg = Debug|Any CPU
		{8706E15E-EC0B-46EB-B5BC-9AED7C4285E1}.Debug|Any CPU.Build.0 = Debug|Any CPU
		{8706E15E-EC0B-46EB-B5BC-9AED7C4285E1}.Release|Any CPU.ActiveCfg = Release|Any CPU
		{8706E15E-EC0B-46EB-B5BC-9AED7C4285E1}.Release|Any CPU.Build.0 = Release|Any CPU
		{C8161785-2DF2-4922-A921-82B7A888B8BC}.Debug|Any CPU.ActiveCfg = Debug|Any CPU
		{C8161785-2DF2-4922-A921-82B7A888B8BC}.Debug|Any CPU.Build.0 = Debug|Any CPU
		{C8161785-2DF2-4922-A921-82B7A888B8BC}.Release|Any CPU.ActiveCfg = Release|Any CPU
		{C8161785-2DF2-4922-A921-82B7A888B8BC}.Release|Any CPU.Build.0 = Release|Any CPU
	EndGlobalSection
	GlobalSection(SolutionProperties) = preSolution
		HideSolutionNode = FALSE
	EndGlobalSection
EndGlobal
